// !$*UTF8*$!
{
	archiveVersion = 1;
	classes = {
	};
	objectVersion = 46;
	objects = {

/* Begin PBXBuildFile section */
		B48F84731D208CC500E46CA9 /* FSTools.h in Headers */ = {isa = PBXBuildFile; fileRef = B48F84721D208CC500E46CA9 /* FSTools.h */; settings = {ATTRIBUTES = (Public, ); }; };
		B48F847A1D208CC500E46CA9 /* FSTools.framework in Frameworks */ = {isa = PBXBuildFile; fileRef = B48F846F1D208CC500E46CA9 /* FSTools.framework */; };
		B48F847F1D208CC500E46CA9 /* FSToolsTests.swift in Sources */ = {isa = PBXBuildFile; fileRef = B48F847E1D208CC500E46CA9 /* FSToolsTests.swift */; };
/* End PBXBuildFile section */

/* Begin PBXContainerItemProxy section */
		B48F847B1D208CC500E46CA9 /* PBXContainerItemProxy */ = {
			isa = PBXContainerItemProxy;
			containerPortal = B48F84661D208CC300E46CA9 /* Project object */;
			proxyType = 1;
			remoteGlobalIDString = B48F846E1D208CC300E46CA9;
			remoteInfo = FSTools;
		};
/* End PBXContainerItemProxy section */

/* Begin PBXFileReference section */
		B48F846F1D208CC500E46CA9 /* FSTools.framework */ = {isa = PBXFileReference; explicitFileType = wrapper.framework; includeInIndex = 0; path = FSTools.framework; sourceTree = BUILT_PRODUCTS_DIR; };
		B48F84721D208CC500E46CA9 /* FSTools.h */ = {isa = PBXFileReference; lastKnownFileType = sourcecode.c.h; path = FSTools.h; sourceTree = "<group>"; };
		B48F84741D208CC500E46CA9 /* Info.plist */ = {isa = PBXFileReference; lastKnownFileType = text.plist.xml; path = Info.plist; sourceTree = "<group>"; };
		B48F84791D208CC500E46CA9 /* FSToolsTests.xctest */ = {isa = PBXFileReference; explicitFileType = wrapper.cfbundle; includeInIndex = 0; path = FSToolsTests.xctest; sourceTree = BUILT_PRODUCTS_DIR; };
		B48F847E1D208CC500E46CA9 /* FSToolsTests.swift */ = {isa = PBXFileReference; lastKnownFileType = sourcecode.swift; path = FSToolsTests.swift; sourceTree = "<group>"; };
		B48F84801D208CC500E46CA9 /* Info.plist */ = {isa = PBXFileReference; lastKnownFileType = text.plist.xml; path = Info.plist; sourceTree = "<group>"; };
/* End PBXFileReference section */

/* Begin PBXFrameworksBuildPhase section */
		B48F846B1D208CC300E46CA9 /* Frameworks */ = {
			isa = PBXFrameworksBuildPhase;
			buildActionMask = 2147483647;
			files = (
			);
			runOnlyForDeploymentPostprocessing = 0;
		};
		B48F84761D208CC500E46CA9 /* Frameworks */ = {
			isa = PBXFrameworksBuildPhase;
			buildActionMask = 2147483647;
			files = (
				B48F847A1D208CC500E46CA9 /* FSTools.framework in Frameworks */,
			);
			runOnlyForDeploymentPostprocessing = 0;
		};
/* End PBXFrameworksBuildPhase section */

/* Begin PBXGroup section */
		B48F84651D208CC300E46CA9 = {
			isa = PBXGroup;
			children = (
				B48F84711D208CC500E46CA9 /* FSTools */,
				B48F847D1D208CC500E46CA9 /* FSToolsTests */,
				B48F84701D208CC500E46CA9 /* Products */,
			);
			sourceTree = "<group>";
		};
		B48F84701D208CC500E46CA9 /* Products */ = {
			isa = PBXGroup;
			children = (
				B48F846F1D208CC500E46CA9 /* FSTools.framework */,
				B48F84791D208CC500E46CA9 /* FSToolsTests.xctest */,
			);
			name = Products;
			sourceTree = "<group>";
		};
		B48F84711D208CC500E46CA9 /* FSTools */ = {
			isa = PBXGroup;
			children = (
				B48F84721D208CC500E46CA9 /* FSTools.h */,
				B48F84741D208CC500E46CA9 /* Info.plist */,
			);
			path = FSTools;
			sourceTree = "<group>";
		};
		B48F847D1D208CC500E46CA9 /* FSToolsTests */ = {
			isa = PBXGroup;
			children = (
				B48F847E1D208CC500E46CA9 /* FSToolsTests.swift */,
				B48F84801D208CC500E46CA9 /* Info.plist */,
			);
			path = FSToolsTests;
			sourceTree = "<group>";
		};
/* End PBXGroup section */

/* Begin PBXHeadersBuildPhase section */
		B48F846C1D208CC300E46CA9 /* Headers */ = {
			isa = PBXHeadersBuildPhase;
			buildActionMask = 2147483647;
			files = (
				B48F84731D208CC500E46CA9 /* FSTools.h in Headers */,
			);
			runOnlyForDeploymentPostprocessing = 0;
		};
/* End PBXHeadersBuildPhase section */

/* Begin PBXNativeTarget section */
		B48F846E1D208CC300E46CA9 /* FSTools */ = {
			isa = PBXNativeTarget;
			buildConfigurationList = B48F84831D208CC500E46CA9 /* Build configuration list for PBXNativeTarget "FSTools" */;
			buildPhases = (
				B48F846A1D208CC300E46CA9 /* Sources */,
				B48F846B1D208CC300E46CA9 /* Frameworks */,
				B48F846C1D208CC300E46CA9 /* Headers */,
				B48F846D1D208CC300E46CA9 /* Resources */,
			);
			buildRules = (
			);
			dependencies = (
			);
			name = FSTools;
			productName = FSTools;
			productReference = B48F846F1D208CC500E46CA9 /* FSTools.framework */;
			productType = "com.apple.product-type.framework";
		};
		B48F84781D208CC500E46CA9 /* FSToolsTests */ = {
			isa = PBXNativeTarget;
			buildConfigurationList = B48F84861D208CC500E46CA9 /* Build configuration list for PBXNativeTarget "FSToolsTests" */;
			buildPhases = (
				B48F84751D208CC500E46CA9 /* Sources */,
				B48F84761D208CC500E46CA9 /* Frameworks */,
				B48F84771D208CC500E46CA9 /* Resources */,
			);
			buildRules = (
			);
			dependencies = (
				B48F847C1D208CC500E46CA9 /* PBXTargetDependency */,
			);
			name = FSToolsTests;
			productName = FSToolsTests;
			productReference = B48F84791D208CC500E46CA9 /* FSToolsTests.xctest */;
			productType = "com.apple.product-type.bundle.unit-test";
		};
/* End PBXNativeTarget section */

/* Begin PBXProject section */
		B48F84661D208CC300E46CA9 /* Project object */ = {
			isa = PBXProject;
			attributes = {
				LastSwiftUpdateCheck = 0800;
				LastUpgradeCheck = 0800;
				ORGANIZATIONNAME = "Thomas Moore";
				TargetAttributes = {
					B48F846E1D208CC300E46CA9 = {
						CreatedOnToolsVersion = 8.0;
						DevelopmentTeam = Y5R65N2GLX;
						DevelopmentTeamName = "Thomas Moore";
						ProvisioningStyle = Automatic;
					};
					B48F84781D208CC500E46CA9 = {
						CreatedOnToolsVersion = 8.0;
						DevelopmentTeam = Y5R65N2GLX;
						DevelopmentTeamName = "Thomas Moore";
						ProvisioningStyle = Automatic;
					};
				};
			};
			buildConfigurationList = B48F84691D208CC300E46CA9 /* Build configuration list for PBXProject "FSTools" */;
			compatibilityVersion = "Xcode 3.2";
			developmentRegion = English;
			hasScannedForEncodings = 0;
			knownRegions = (
				en,
			);
			mainGroup = B48F84651D208CC300E46CA9;
			productRefGroup = B48F84701D208CC500E46CA9 /* Products */;
			projectDirPath = "";
			projectRoot = "";
			targets = (
				B48F846E1D208CC300E46CA9 /* FSTools */,
				B48F84781D208CC500E46CA9 /* FSToolsTests */,
			);
		};
/* End PBXProject section */

/* Begin PBXResourcesBuildPhase section */
		B48F846D1D208CC300E46CA9 /* Resources */ = {
			isa = PBXResourcesBuildPhase;
			buildActionMask = 2147483647;
			files = (
			);
			runOnlyForDeploymentPostprocessing = 0;
		};
		B48F84771D208CC500E46CA9 /* Resources */ = {
			isa = PBXResourcesBuildPhase;
			buildActionMask = 2147483647;
			files = (
			);
			runOnlyForDeploymentPostprocessing = 0;
		};
/* End PBXResourcesBuildPhase section */

/* Begin PBXSourcesBuildPhase section */
		B48F846A1D208CC300E46CA9 /* Sources */ = {
			isa = PBXSourcesBuildPhase;
			buildActionMask = 2147483647;
			files = (
			);
			runOnlyForDeploymentPostprocessing = 0;
		};
		B48F84751D208CC500E46CA9 /* Sources */ = {
			isa = PBXSourcesBuildPhase;
			buildActionMask = 2147483647;
			files = (
				B48F847F1D208CC500E46CA9 /* FSToolsTests.swift in Sources */,
			);
			runOnlyForDeploymentPostprocessing = 0;
		};
/* End PBXSourcesBuildPhase section */

/* Begin PBXTargetDependency section */
		B48F847C1D208CC500E46CA9 /* PBXTargetDependency */ = {
			isa = PBXTargetDependency;
			target = B48F846E1D208CC300E46CA9 /* FSTools */;
			targetProxy = B48F847B1D208CC500E46CA9 /* PBXContainerItemProxy */;
		};
/* End PBXTargetDependency section */

/* Begin XCBuildConfiguration section */
		B48F84811D208CC500E46CA9 /* Debug */ = {
			isa = XCBuildConfiguration;
			buildSettings = {
				ALWAYS_SEARCH_USER_PATHS = NO;
				CLANG_ANALYZER_NONNULL = YES;
				CLANG_CXX_LANGUAGE_STANDARD = "gnu++0x";
				CLANG_CXX_LIBRARY = "libc++";
				CLANG_ENABLE_MODULES = YES;
				CLANG_ENABLE_OBJC_ARC = YES;
				CLANG_WARN_BOOL_CONVERSION = YES;
				CLANG_WARN_CONSTANT_CONVERSION = YES;
				CLANG_WARN_DIRECT_OBJC_ISA_USAGE = YES_ERROR;
				CLANG_WARN_DOCUMENTATION_COMMENTS = YES;
				CLANG_WARN_EMPTY_BODY = YES;
				CLANG_WARN_ENUM_CONVERSION = YES;
				CLANG_WARN_INT_CONVERSION = YES;
				CLANG_WARN_OBJC_ROOT_CLASS = YES_ERROR;
				CLANG_WARN_UNREACHABLE_CODE = YES;
				CLANG_WARN__DUPLICATE_METHOD_MATCH = YES;
				CODE_SIGN_IDENTITY = "-";
				COPY_PHASE_STRIP = NO;
				CURRENT_PROJECT_VERSION = 1;
				DEBUG_INFORMATION_FORMAT = dwarf;
				ENABLE_STRICT_OBJC_MSGSEND = YES;
				ENABLE_TESTABILITY = YES;
				GCC_C_LANGUAGE_STANDARD = gnu99;
				GCC_DYNAMIC_NO_PIC = NO;
				GCC_NO_COMMON_BLOCKS = YES;
				GCC_OPTIMIZATION_LEVEL = 0;
				GCC_PREPROCESSOR_DEFINITIONS = (
					"DEBUG=1",
					"$(inherited)",
				);
				GCC_WARN_64_TO_32_BIT_CONVERSION = YES;
				GCC_WARN_ABOUT_RETURN_TYPE = YES_ERROR;
				GCC_WARN_UNDECLARED_SELECTOR = YES;
				GCC_WARN_UNINITIALIZED_AUTOS = YES_AGGRESSIVE;
				GCC_WARN_UNUSED_FUNCTION = YES;
				GCC_WARN_UNUSED_VARIABLE = YES;
				MACOSX_DEPLOYMENT_TARGET = 10.11;
				MTL_ENABLE_DEBUG_INFO = YES;
				ONLY_ACTIVE_ARCH = YES;
				SDKROOT = macosx;
				SWIFT_ACTIVE_COMPILATION_CONDITIONS = DEBUG;
				SWIFT_OPTIMIZATION_LEVEL = "-Onone";
				VERSIONING_SYSTEM = "apple-generic";
				VERSION_INFO_PREFIX = "";
			};
			name = Debug;
		};
		B48F84821D208CC500E46CA9 /* Release */ = {
			isa = XCBuildConfiguration;
			buildSettings = {
				ALWAYS_SEARCH_USER_PATHS = NO;
				CLANG_ANALYZER_NONNULL = YES;
				CLANG_CXX_LANGUAGE_STANDARD = "gnu++0x";
				CLANG_CXX_LIBRARY = "libc++";
				CLANG_ENABLE_MODULES = YES;
				CLANG_ENABLE_OBJC_ARC = YES;
				CLANG_WARN_BOOL_CONVERSION = YES;
				CLANG_WARN_CONSTANT_CONVERSION = YES;
				CLANG_WARN_DIRECT_OBJC_ISA_USAGE = YES_ERROR;
				CLANG_WARN_DOCUMENTATION_COMMENTS = YES;
				CLANG_WARN_EMPTY_BODY = YES;
				CLANG_WARN_ENUM_CONVERSION = YES;
				CLANG_WARN_INT_CONVERSION = YES;
				CLANG_WARN_OBJC_ROOT_CLASS = YES_ERROR;
				CLANG_WARN_UNREACHABLE_CODE = YES;
				CLANG_WARN__DUPLICATE_METHOD_MATCH = YES;
				CODE_SIGN_IDENTITY = "-";
				COPY_PHASE_STRIP = NO;
				CURRENT_PROJECT_VERSION = 1;
				DEBUG_INFORMATION_FORMAT = "dwarf-with-dsym";
				ENABLE_NS_ASSERTIONS = NO;
				ENABLE_STRICT_OBJC_MSGSEND = YES;
				GCC_C_LANGUAGE_STANDARD = gnu99;
				GCC_NO_COMMON_BLOCKS = YES;
				GCC_WARN_64_TO_32_BIT_CONVERSION = YES;
				GCC_WARN_ABOUT_RETURN_TYPE = YES_ERROR;
				GCC_WARN_UNDECLARED_SELECTOR = YES;
				GCC_WARN_UNINITIALIZED_AUTOS = YES_AGGRESSIVE;
				GCC_WARN_UNUSED_FUNCTION = YES;
				GCC_WARN_UNUSED_VARIABLE = YES;
				MACOSX_DEPLOYMENT_TARGET = 10.11;
				MTL_ENABLE_DEBUG_INFO = NO;
				SDKROOT = macosx;
				SWIFT_OPTIMIZATION_LEVEL = "-Owholemodule";
				VERSIONING_SYSTEM = "apple-generic";
				VERSION_INFO_PREFIX = "";
			};
			name = Release;
		};
		B48F84841D208CC500E46CA9 /* Debug */ = {
			isa = XCBuildConfiguration;
			buildSettings = {
				COMBINE_HIDPI_IMAGES = YES;
				DEFINES_MODULE = YES;
				DYLIB_COMPATIBILITY_VERSION = 1;
				DYLIB_CURRENT_VERSION = 1;
				DYLIB_INSTALL_NAME_BASE = "@rpath";
				FRAMEWORK_VERSION = A;
				INFOPLIST_FILE = FSTools/Info.plist;
				INSTALL_PATH = "$(LOCAL_LIBRARY_DIR)/Frameworks";
				LD_RUNPATH_SEARCH_PATHS = "$(inherited) @executable_path/../Frameworks @loader_path/Frameworks";
				PRODUCT_BUNDLE_IDENTIFIER = PaleoTerra.FSTools;
				PRODUCT_NAME = "$(TARGET_NAME)";
				SKIP_INSTALL = YES;
				SWIFT_VERSION = 3.0;
			};
			name = Debug;
		};
		B48F84851D208CC500E46CA9 /* Release */ = {
			isa = XCBuildConfiguration;
			buildSettings = {
				COMBINE_HIDPI_IMAGES = YES;
				DEFINES_MODULE = YES;
				DYLIB_COMPATIBILITY_VERSION = 1;
				DYLIB_CURRENT_VERSION = 1;
				DYLIB_INSTALL_NAME_BASE = "@rpath";
				FRAMEWORK_VERSION = A;
				INFOPLIST_FILE = FSTools/Info.plist;
				INSTALL_PATH = "$(LOCAL_LIBRARY_DIR)/Frameworks";
				LD_RUNPATH_SEARCH_PATHS = "$(inherited) @executable_path/../Frameworks @loader_path/Frameworks";
				PRODUCT_BUNDLE_IDENTIFIER = PaleoTerra.FSTools;
				PRODUCT_NAME = "$(TARGET_NAME)";
				SKIP_INSTALL = YES;
				SWIFT_VERSION = 3.0;
			};
			name = Release;
		};
		B48F84871D208CC500E46CA9 /* Debug */ = {
			isa = XCBuildConfiguration;
			buildSettings = {
				COMBINE_HIDPI_IMAGES = YES;
				INFOPLIST_FILE = FSToolsTests/Info.plist;
				LD_RUNPATH_SEARCH_PATHS = "$(inherited) @executable_path/../Frameworks @loader_path/../Frameworks";
				PRODUCT_BUNDLE_IDENTIFIER = PaleoTerra.FSToolsTests;
				PRODUCT_NAME = "$(TARGET_NAME)";
				SWIFT_VERSION = 3.0;
			};
			name = Debug;
		};
		B48F84881D208CC500E46CA9 /* Release */ = {
			isa = XCBuildConfiguration;
			buildSettings = {
				COMBINE_HIDPI_IMAGES = YES;
				INFOPLIST_FILE = FSToolsTests/Info.plist;
				LD_RUNPATH_SEARCH_PATHS = "$(inherited) @executable_path/../Frameworks @loader_path/../Frameworks";
				PRODUCT_BUNDLE_IDENTIFIER = PaleoTerra.FSToolsTests;
				PRODUCT_NAME = "$(TARGET_NAME)";
				SWIFT_VERSION = 3.0;
			};
			name = Release;
		};
/* End XCBuildConfiguration section */

/* Begin XCConfigurationList section */
		B48F84691D208CC300E46CA9 /* Build configuration list for PBXProject "FSTools" */ = {
			isa = XCConfigurationList;
			buildConfigurations = (
				B48F84811D208CC500E46CA9 /* Debug */,
				B48F84821D208CC500E46CA9 /* Release */,
			);
			defaultConfigurationIsVisible = 0;
			defaultConfigurationName = Release;
		};
		B48F84831D208CC500E46CA9 /* Build configuration list for PBXNativeTarget "FSTools" */ = {
			isa = XCConfigurationList;
			buildConfigurations = (
				B48F84841D208CC500E46CA9 /* Debug */,
				B48F84851D208CC500E46CA9 /* Release */,
			);
			defaultConfigurationIsVisible = 0;
		};
		B48F84861D208CC500E46CA9 /* Build configuration list for PBXNativeTarget "FSToolsTests" */ = {
			isa = XCConfigurationList;
			buildConfigurations = (
				B48F84871D208CC500E46CA9 /* Debug */,
				B48F84881D208CC500E46CA9 /* Release */,
			);
			defaultConfigurationIsVisible = 0;
		};
/* End XCConfigurationList section */
	};
	rootObject = B48F84661D208CC300E46CA9 /* Project object */;
}
